
Microsoft Visual Studio Solution File, Format Version 12.00
# Visual Studio Version 17
VisualStudioVersion = 17.4.33205.214
MinimumVisualStudioVersion = 10.0.40219.1
Project("{9A19103F-16F7-4668-BE54-9A1E7A4F7556}") = "ConsoleAppProducer", "ConsoleAppProducer\ConsoleAppProducer.csproj", "{80D085D5-AECD-46AC-AF12-1B82091125F6}"
EndProject
Project("{FAE04EC0-301F-11D3-BF4B-00C04F79EFBC}") = "WebApplicationConsumer", "WebApplicationConsumer\WebApplicationConsumer.csproj", "{4A02DD03-236D-4F02-97A8-2763412FD27B}"
EndProject
Project("{E53339B2-1760-4266-BCC7-CA923CBCF16C}") = "docker-compose", "docker-compose.dcproj", "{A0ECD51D-DCC8-4E50-9EB3-DCB50D1D49FB}"
EndProject
Global
	GlobalSection(SolutionConfigurationPlatforms) = preSolution
		Debug|Any CPU = Debug|Any CPU
		Release|Any CPU = Release|Any CPU
	EndGlobalSection
	GlobalSection(ProjectConfigurationPlatforms) = postSolution
		{80D085D5-AECD-46AC-AF12-1B82091125F6}.Debug|Any CPU.ActiveCfg = Debug|Any CPU
		{80D085D5-AECD-46AC-AF12-1B82091125F6}.Debug|Any CPU.Build.0 = Debug|Any CPU
		{80D085D5-AECD-46AC-AF12-1B82091125F6}.Release|Any CPU.ActiveCfg = Release|Any CPU
		{80D085D5-AECD-46AC-AF12-1B82091125F6}.Release|Any CPU.Build.0 = Release|Any CPU
		{4A02DD03-236D-4F02-97A8-2763412FD27B}.Debug|Any CPU.ActiveCfg = Debug|Any CPU
		{4A02DD03-236D-4F02-97A8-2763412FD27B}.Debug|Any CPU.Build.0 = Debug|Any CPU
		{4A02DD03-236D-4F02-97A8-2763412FD27B}.Release|Any CPU.ActiveCfg = Release|Any CPU
		{4A02DD03-236D-4F02-97A8-2763412FD27B}.Release|Any CPU.Build.0 = Release|Any CPU
		{A0ECD51D-DCC8-4E50-9EB3-DCB50D1D49FB}.Debug|Any CPU.ActiveCfg = Debug|Any CPU
		{A0ECD51D-DCC8-4E50-9EB3-DCB50D1D49FB}.Debug|Any CPU.Build.0 = Debug|Any CPU
		{A0ECD51D-DCC8-4E50-9EB3-DCB50D1D49FB}.Release|Any CPU.ActiveCfg = Release|Any CPU
		{A0ECD51D-DCC8-4E50-9EB3-DCB50D1D49FB}.Release|Any CPU.Build.0 = Release|Any CPU
	EndGlobalSection
	GlobalSection(SolutionProperties) = preSolution
		HideSolutionNode = FALSE
	EndGlobalSection
	GlobalSection(ExtensibilityGlobals) = postSolution
		SolutionGuid = {0D2AA7E5-76DE-4360-ADEE-362E4BE62029}
	EndGlobalSection
EndGlobal
